schema: '2.0'
stages:
  train:
    cmd: python src/train.py --model_type logistic
    deps:
    - path: data/df_clean.parquet
      hash: md5
      md5: d7a8c69f0a6f073c26384d44e9d35195
      size: 299368
    - path: src/pipeline.py
      hash: md5
      md5: 85738bf1a6e2e2fcf8b596447d8e9e26
      size: 2160
    - path: src/train.py
      hash: md5
      md5: 283c2578adf8ba39fed38b00b8754524
      size: 4871
    - path: src/utils.py
      hash: md5
      md5: 63f882d0b71a17430cff80f16d43540a
      size: 557
    params:
      params.yaml:
        logistic:
          solver: liblinear
          penalty: l2
          C: 0.4
          max_iter: 5000
          class_weight: balanced
        random_forest:
          max_features: 5
          n_estimators: 405
          class_weight: balanced
          max_depth: 8
          min_samples_split: 15
          min_samples_leaf: 1
        train:
          model_type: logistic
          test_split_ratio: 0.2
          random_state: 42
          stratify: true
          smote_random_state: 42
          decision_threshold: 0.6
    outs:
    - path: models/model.joblib
      hash: md5
      md5: b071b687d75837bf3780fdce81142b8a
      size: 740745
    - path: reports/metrics.json
      hash: md5
      md5: 0e92c7faf7ea686db79fbca4e30f1174
      size: 171
  evaluate:
    cmd: python src/predict.py --data_path data/df_clean.parquet --model_path 
      models/model.joblib --has_labels --report_path 
      reports/classification_report.txt
    deps:
    - path: data/df_clean.parquet
      hash: md5
      md5: d7a8c69f0a6f073c26384d44e9d35195
      size: 299368
    - path: models/model.joblib
      hash: md5
      md5: b071b687d75837bf3780fdce81142b8a
      size: 740745
    - path: src/predict.py
      hash: md5
      md5: 5925561f0ce018993b8d25fe1a1ec28f
      size: 3759
    - path: src/utils.py
      hash: md5
      md5: 63f882d0b71a17430cff80f16d43540a
      size: 557
    outs:
    - path: reports/classification_report.txt
      hash: md5
      md5: ed41503e9f93fec1bc64856039f31d42
      size: 360
